
Microsoft Visual Studio Solution File, Format Version 12.00
# Visual Studio Version 17
VisualStudioVersion = 17.4.33403.182
MinimumVisualStudioVersion = 10.0.40219.1
Project("{FAE04EC0-301F-11D3-BF4B-00C04F79EFBC}") = "ComMonitor", "ComMonitor\ComMonitor.csproj", "{78F71626-72DB-46D8-ABD3-0B224138EAB2}"
EndProject
Global
	GlobalSection(SolutionConfigurationPlatforms) = preSolution
		Debug|Any CPU = Debug|Any CPU
		Release|Any CPU = Release|Any CPU
	EndGlobalSection
	GlobalSection(ProjectConfigurationPlatforms) = postSolution
		{78F71626-72DB-46D8-ABD3-0B224138EAB2}.Debug|Any CPU.ActiveCfg = Debug|Any CPU
		{78F71626-72DB-46D8-ABD3-0B224138EAB2}.Debug|Any CPU.Build.0 = Debug|Any CPU
		{78F71626-72DB-46D8-ABD3-0B224138EAB2}.Release|Any CPU.ActiveCfg = Release|Any CPU
		{78F71626-72DB-46D8-ABD3-0B224138EAB2}.Release|Any CPU.Build.0 = Release|Any CPU
	EndGlobalSection
	GlobalSection(SolutionProperties) = preSolution
		HideSolutionNode = FALSE
	EndGlobalSection
	GlobalSection(ExtensibilityGlobals) = postSolution
		SolutionGuid = {894FE892-627F-42A4-88E8-FB56A6FB1DB0}
	EndGlobalSection
EndGlobal
