
Microsoft Visual Studio Solution File, Format Version 12.00
# Visual Studio Version 17
VisualStudioVersion = 17.4.33403.182
MinimumVisualStudioVersion = 10.0.40219.1
Project("{9A19103F-16F7-4668-BE54-9A1E7A4F7556}") = "ComMonitor", "ComMonitor\ComMonitor.csproj", "{78F71626-72DB-46D8-ABD3-0B224138EAB2}"
EndProject
Project("{9A19103F-16F7-4668-BE54-9A1E7A4F7556}") = "DishiDemo", "DishiDemo\DishiDemo\DishiDemo.csproj", "{6168C102-06A0-474F-93A7-C945EAD16310}"
EndProject
Project("{9A19103F-16F7-4668-BE54-9A1E7A4F7556}") = "Profile", "Profile\Profile.csproj", "{6B9D21AA-F728-4341-BC23-6B8299EC79AA}"
EndProject
Project("{9A19103F-16F7-4668-BE54-9A1E7A4F7556}") = "UnitProfile", "TestUnit\UnitProfile\UnitProfile.csproj", "{7820371D-D4D5-476A-96BF-1A4340DC1C91}"
EndProject
Project("{2150E333-8FDC-42A3-9474-1A3956D46DE8}") = "Unit", "Unit", "{7F841D3A-DF46-4663-8615-7A2BA04CB8F2}"
EndProject
Project("{9A19103F-16F7-4668-BE54-9A1E7A4F7556}") = "UnitDishiDemo", "Unit\UnitDishiDemo\UnitDishiDemo.csproj", "{A4E598AD-977A-48BD-9B07-9FC0E3C8A074}"
EndProject
Project("{9A19103F-16F7-4668-BE54-9A1E7A4F7556}") = "FTPBatchCleaner", "FTPBatchCleaner\FTPBatchCleaner.csproj", "{67F80AC3-0735-4479-B641-08A8DF1F20BA}"
EndProject
Project("{FAE04EC0-301F-11D3-BF4B-00C04F79EFBC}") = "ProjectRedmine", "ProjectRedmine\ProjectRedmine.csproj", "{49C89E63-18B2-4453-8C34-BAB4906E0A48}"
EndProject
Project("{9A19103F-16F7-4668-BE54-9A1E7A4F7556}") = "SecureSimulator", "SecureSimulator\SecureSimulator.csproj", "{318D6980-EA3A-4D5C-9786-1564BBBCE571}"
EndProject
Project("{FAE04EC0-301F-11D3-BF4B-00C04F79EFBC}") = "NugetPackageUploader", "NugetPackageUploader\NugetPackageUploader.csproj", "{12AA91CB-266D-4728-B9B5-9DA9AA2E1140}"
EndProject
Project("{FAE04EC0-301F-11D3-BF4B-00C04F79EFBC}") = "WeeklyReport", "WeeklyReport\WeeklyReport.csproj", "{FAE112CA-48CC-4DC8-9DD4-961A1F89F56E}"
EndProject
Global
	GlobalSection(SolutionConfigurationPlatforms) = preSolution
		Debug|Any CPU = Debug|Any CPU
		Release|Any CPU = Release|Any CPU
	EndGlobalSection
	GlobalSection(ProjectConfigurationPlatforms) = postSolution
		{78F71626-72DB-46D8-ABD3-0B224138EAB2}.Debug|Any CPU.ActiveCfg = Debug|Any CPU
		{78F71626-72DB-46D8-ABD3-0B224138EAB2}.Debug|Any CPU.Build.0 = Debug|Any CPU
		{78F71626-72DB-46D8-ABD3-0B224138EAB2}.Release|Any CPU.ActiveCfg = Release|Any CPU
		{78F71626-72DB-46D8-ABD3-0B224138EAB2}.Release|Any CPU.Build.0 = Release|Any CPU
		{6168C102-06A0-474F-93A7-C945EAD16310}.Debug|Any CPU.ActiveCfg = Debug|Any CPU
		{6168C102-06A0-474F-93A7-C945EAD16310}.Debug|Any CPU.Build.0 = Debug|Any CPU
		{6168C102-06A0-474F-93A7-C945EAD16310}.Release|Any CPU.ActiveCfg = Release|Any CPU
		{6168C102-06A0-474F-93A7-C945EAD16310}.Release|Any CPU.Build.0 = Release|Any CPU
		{6B9D21AA-F728-4341-BC23-6B8299EC79AA}.Debug|Any CPU.ActiveCfg = Debug|Any CPU
		{6B9D21AA-F728-4341-BC23-6B8299EC79AA}.Debug|Any CPU.Build.0 = Debug|Any CPU
		{6B9D21AA-F728-4341-BC23-6B8299EC79AA}.Release|Any CPU.ActiveCfg = Release|Any CPU
		{6B9D21AA-F728-4341-BC23-6B8299EC79AA}.Release|Any CPU.Build.0 = Release|Any CPU
		{7820371D-D4D5-476A-96BF-1A4340DC1C91}.Debug|Any CPU.ActiveCfg = Debug|Any CPU
		{7820371D-D4D5-476A-96BF-1A4340DC1C91}.Debug|Any CPU.Build.0 = Debug|Any CPU
		{7820371D-D4D5-476A-96BF-1A4340DC1C91}.Release|Any CPU.ActiveCfg = Release|Any CPU
		{7820371D-D4D5-476A-96BF-1A4340DC1C91}.Release|Any CPU.Build.0 = Release|Any CPU
		{A4E598AD-977A-48BD-9B07-9FC0E3C8A074}.Debug|Any CPU.ActiveCfg = Debug|Any CPU
		{A4E598AD-977A-48BD-9B07-9FC0E3C8A074}.Debug|Any CPU.Build.0 = Debug|Any CPU
		{A4E598AD-977A-48BD-9B07-9FC0E3C8A074}.Release|Any CPU.ActiveCfg = Release|Any CPU
		{A4E598AD-977A-48BD-9B07-9FC0E3C8A074}.Release|Any CPU.Build.0 = Release|Any CPU
		{67F80AC3-0735-4479-B641-08A8DF1F20BA}.Debug|Any CPU.ActiveCfg = Debug|Any CPU
		{67F80AC3-0735-4479-B641-08A8DF1F20BA}.Debug|Any CPU.Build.0 = Debug|Any CPU
		{67F80AC3-0735-4479-B641-08A8DF1F20BA}.Release|Any CPU.ActiveCfg = Release|Any CPU
		{67F80AC3-0735-4479-B641-08A8DF1F20BA}.Release|Any CPU.Build.0 = Release|Any CPU
		{49C89E63-18B2-4453-8C34-BAB4906E0A48}.Debug|Any CPU.ActiveCfg = Debug|Any CPU
		{49C89E63-18B2-4453-8C34-BAB4906E0A48}.Debug|Any CPU.Build.0 = Debug|Any CPU
		{49C89E63-18B2-4453-8C34-BAB4906E0A48}.Release|Any CPU.ActiveCfg = Release|Any CPU
		{49C89E63-18B2-4453-8C34-BAB4906E0A48}.Release|Any CPU.Build.0 = Release|Any CPU
		{318D6980-EA3A-4D5C-9786-1564BBBCE571}.Debug|Any CPU.ActiveCfg = Debug|Any CPU
		{318D6980-EA3A-4D5C-9786-1564BBBCE571}.Debug|Any CPU.Build.0 = Debug|Any CPU
		{318D6980-EA3A-4D5C-9786-1564BBBCE571}.Release|Any CPU.ActiveCfg = Release|Any CPU
		{318D6980-EA3A-4D5C-9786-1564BBBCE571}.Release|Any CPU.Build.0 = Release|Any CPU
		{12AA91CB-266D-4728-B9B5-9DA9AA2E1140}.Debug|Any CPU.ActiveCfg = Debug|Any CPU
		{12AA91CB-266D-4728-B9B5-9DA9AA2E1140}.Debug|Any CPU.Build.0 = Debug|Any CPU
		{12AA91CB-266D-4728-B9B5-9DA9AA2E1140}.Release|Any CPU.ActiveCfg = Release|Any CPU
		{12AA91CB-266D-4728-B9B5-9DA9AA2E1140}.Release|Any CPU.Build.0 = Release|Any CPU
		{FAE112CA-48CC-4DC8-9DD4-961A1F89F56E}.Debug|Any CPU.ActiveCfg = Debug|Any CPU
		{FAE112CA-48CC-4DC8-9DD4-961A1F89F56E}.Debug|Any CPU.Build.0 = Debug|Any CPU
		{FAE112CA-48CC-4DC8-9DD4-961A1F89F56E}.Release|Any CPU.ActiveCfg = Release|Any CPU
		{FAE112CA-48CC-4DC8-9DD4-961A1F89F56E}.Release|Any CPU.Build.0 = Release|Any CPU
	EndGlobalSection
	GlobalSection(SolutionProperties) = preSolution
		HideSolutionNode = FALSE
	EndGlobalSection
	GlobalSection(NestedProjects) = preSolution
		{7820371D-D4D5-476A-96BF-1A4340DC1C91} = {7F841D3A-DF46-4663-8615-7A2BA04CB8F2}
		{A4E598AD-977A-48BD-9B07-9FC0E3C8A074} = {7F841D3A-DF46-4663-8615-7A2BA04CB8F2}
	EndGlobalSection
	GlobalSection(ExtensibilityGlobals) = postSolution
		SolutionGuid = {894FE892-627F-42A4-88E8-FB56A6FB1DB0}
	EndGlobalSection
EndGlobal
